{
  "lockfileVersion": 1,
  "configVersion": 0,
  "workspaces": {
    "": {
      "name": "openapi-to-validate",
      "dependencies": {
        "ast-types": "^0.14.2",
        "escodegen": "^2.1.0",
        "object-hash": "^3.0.0",
        "path-to-regexp": "^6.2.1",
      },
      "devDependencies": {
        "@types/escodegen": "^0.0.9",
        "@types/object-hash": "^3.0.5",
        "bun-types": "^1.0.6",
        "prettier": "^3.0.3",
        "typescript": "^5.2.2",
      },
    },
  },
  "packages": {
    "@types/escodegen": ["@types/escodegen@0.0.9", "", {}, "sha512-8HOVgEhBwGgKWvcdu17wkFgv8Br2UgL0bw4UM11iVhKTnO3DX415PBmyxBYvVRejqyVVZF2HRfuFKCc5arC1FQ=="],

    "@types/object-hash": ["@types/object-hash@3.0.5", "", {}, "sha512-WFGeSazfL5BWbEh5ACaAIs5RT6sbVIwBs1rgHUp+kZzX/gub41LEEYWTWbYnE/sKb7hDdPEsGa1Vmcaay2fS5g=="],

    "ast-types": ["ast-types@0.14.2", "", { "dependencies": { "tslib": "^2.0.1" } }, "sha512-O0yuUDnZeQDL+ncNGlJ78BiO4jnYI3bvMsD5prT0/nsgijG/LpNBIr63gTjVTNsiGkgQhiyCShTgxt8oXOrklA=="],

    "bun-types": ["bun-types@1.0.6", "", {}, "sha512-5QwynfXiRCRxPW3ZnC0Dv+sHHmctP4SHIuzsRKOWYO0HF/qUpsxQVexoviaxpmwDsF1hoVDDFdc4xUuafOzx1g=="],

    "escodegen": ["escodegen@2.1.0", "", { "dependencies": { "esprima": "^4.0.1", "estraverse": "^5.2.0", "esutils": "^2.0.2" }, "optionalDependencies": { "source-map": "~0.6.1" }, "bin": { "esgenerate": "bin/esgenerate.js", "escodegen": "bin/escodegen.js" } }, "sha512-2NlIDTwUWJN0mRPQOdtQBzbUHvdGY2P1VXSyU83Q3xKxM7WHX2Ql8dKq782Q9TgQUNOLEzEYu9bzLNj1q88I5w=="],

    "esprima": ["esprima@4.0.1", "", { "bin": { "esparse": "./bin/esparse.js", "esvalidate": "./bin/esvalidate.js" } }, "sha512-eGuFFw7Upda+g4p+QHvnW0RyTX/SVeJBDM/gCtMARO0cLuT2HcEKnTPvhjV6aGeqrCB/sbNop0Kszm0jsaWU4A=="],

    "estraverse": ["estraverse@5.3.0", "", {}, "sha512-MMdARuVEQziNTeJD8DgMqmhwR11BRQ/cBP+pLtYdSTnf3MIO8fFeiINEbX36ZdNlfU/7A9f3gUw49B3oQsvwBA=="],

    "esutils": ["esutils@2.0.3", "", {}, "sha512-kVscqXk4OCp68SZ0dkgEKVi6/8ij300KBWTJq32P/dYeWTSwK41WyTxalN1eRmA5Z9UU/LX9D7FWSmV9SAYx6g=="],

    "object-hash": ["object-hash@3.0.0", "", {}, "sha512-RSn9F68PjH9HqtltsSnqYC1XXoWe9Bju5+213R98cNGttag9q9yAOTzdbsqvIa7aNm5WffBZFpWYr2aWrklWAw=="],

    "path-to-regexp": ["path-to-regexp@6.2.1", "", {}, "sha512-JLyh7xT1kizaEvcaXOQwOc2/Yhw6KZOvPf1S8401UyLk86CU79LN3vl7ztXGm/pZ+YjoyAJ4rxmHwbkBXJX+yw=="],

    "prettier": ["prettier@3.0.3", "", { "bin": { "prettier": "bin/prettier.cjs" } }, "sha512-L/4pUDMxcNa8R/EthV08Zt42WBO4h1rarVtK0K+QJG0X187OLo7l699jWw0GKuwzkPQ//jMFA/8Xm6Fh3J/DAg=="],

    "source-map": ["source-map@0.6.1", "", {}, "sha512-UjgapumWlbMhkBgzT7Ykc5YXUT46F0iKu8SGXq0bcwP5dz/h0Plj6enJqjz1Zbq2l5WaqYnrVbwWOWMyF3F47g=="],

    "tslib": ["tslib@2.6.2", "", {}, "sha512-AEYxH93jGFPn/a2iVAwW87VuUIkR1FVUKB77NwMF7nBTDkDrrT/Hpt/IrCJ0QXhW27jTBDcf5ZY7w6RiqTMw2Q=="],

    "typescript": ["typescript@5.2.2", "", { "bin": { "tsc": "bin/tsc", "tsserver": "bin/tsserver" } }, "sha512-mI4WrpHsbCIcwT9cF4FZvr80QUeKvsUsUvKDoR+X/7XHQH98xYD8YHZg7ANtz2GtZt/CBq2QJ0thkGJMHfqc1w=="],
  }
}
